{
  "name": "rbx-t",
  "version": "0.0.1",
  "lockfileVersion": 1,
  "requires": true,
  "dependencies": {
    "rbx-types": {
      "version": "1.0.86",
      "resolved": "https://registry.npmjs.org/rbx-types/-/rbx-types-1.0.86.tgz",
      "integrity": "sha512-aqyKhICsimcg9Cfwk8lufudCyC7k+3lfshVXSzOCtGPWl7rcDePZNe6y7R/CDfvQ27feZeR+odZ10iI3zlDyJQ==",
      "dev": true
    }
  }
}
